// !$*UTF8*$!
{
	archiveVersion = 1;
	classes = {
	};
	objectVersion = 50;
	objects = {

/* Begin PBXBuildFile section */
		5E492C5D22CC429100557907 /* TextDeedCollectionViewCell.swift in Sources */ = {isa = PBXBuildFile; fileRef = 5E492C5C22CC429100557907 /* TextDeedCollectionViewCell.swift */; };
		5E6CF1A122CB09C500AF8AF2 /* MessageViewController.swift in Sources */ = {isa = PBXBuildFile; fileRef = 5E6CF1A022CB09C500AF8AF2 /* MessageViewController.swift */; };
		5E7530D922C85D3F00D729B3 /* DeedsCompiler.swift in Sources */ = {isa = PBXBuildFile; fileRef = 5E7530D822C85D3F00D729B3 /* DeedsCompiler.swift */; };
		5EADE24022C0908A005D0F42 /* TaskDetailViewController.swift in Sources */ = {isa = PBXBuildFile; fileRef = 5EADE23F22C0908A005D0F42 /* TaskDetailViewController.swift */; };
		5EADE24422C0F90A005D0F42 /* Question.swift in Sources */ = {isa = PBXBuildFile; fileRef = 5EADE24322C0F90A005D0F42 /* Question.swift */; };
		5EADE24622C1061C005D0F42 /* Deed.swift in Sources */ = {isa = PBXBuildFile; fileRef = 5EADE24522C1061C005D0F42 /* Deed.swift */; };
		5EADE24822C1167E005D0F42 /* DeedTextTableViewCell.swift in Sources */ = {isa = PBXBuildFile; fileRef = 5EADE24722C1167E005D0F42 /* DeedTextTableViewCell.swift */; };
		5EADE24A22C11CE8005D0F42 /* OneSecondUITextField.swift in Sources */ = {isa = PBXBuildFile; fileRef = 5EADE24922C11CE8005D0F42 /* OneSecondUITextField.swift */; };
		5EC27B2922AFB47600FBA0B9 /* Icon.xcassets in Resources */ = {isa = PBXBuildFile; fileRef = 5EC27B2822AFB47600FBA0B9 /* Icon.xcassets */; };
		5EE1D66C22AE1D8400AF1C54 /* AppDelegate.swift in Sources */ = {isa = PBXBuildFile; fileRef = 5EE1D66B22AE1D8400AF1C54 /* AppDelegate.swift */; };
		5EE1D66E22AE1D8400AF1C54 /* MainViewControl.swift in Sources */ = {isa = PBXBuildFile; fileRef = 5EE1D66D22AE1D8400AF1C54 /* MainViewControl.swift */; };
		5EE1D67122AE1D8400AF1C54 /* Parentale.storyboard in Resources */ = {isa = PBXBuildFile; fileRef = 5EE1D66F22AE1D8400AF1C54 /* Parentale.storyboard */; };
		5EE1D67422AE1D8400AF1C54 /* Parentale.xcdatamodeld in Sources */ = {isa = PBXBuildFile; fileRef = 5EE1D67222AE1D8400AF1C54 /* Parentale.xcdatamodeld */; };
		5EE1D67622AE1D8600AF1C54 /* Assets.xcassets in Resources */ = {isa = PBXBuildFile; fileRef = 5EE1D67522AE1D8600AF1C54 /* Assets.xcassets */; };
		5EE1D67922AE1D8600AF1C54 /* LaunchScreen.storyboard in Resources */ = {isa = PBXBuildFile; fileRef = 5EE1D67722AE1D8600AF1C54 /* LaunchScreen.storyboard */; };
		5EE1D68122AE468A00AF1C54 /* Constant.swift in Sources */ = {isa = PBXBuildFile; fileRef = 5EE1D68022AE468A00AF1C54 /* Constant.swift */; };
/* End PBXBuildFile section */

/* Begin PBXFileReference section */
		5E492C5C22CC429100557907 /* TextDeedCollectionViewCell.swift */ = {isa = PBXFileReference; lastKnownFileType = sourcecode.swift; path = TextDeedCollectionViewCell.swift; sourceTree = "<group>"; };
		5E6CF1A022CB09C500AF8AF2 /* MessageViewController.swift */ = {isa = PBXFileReference; lastKnownFileType = sourcecode.swift; path = MessageViewController.swift; sourceTree = "<group>"; };
		5E7530D822C85D3F00D729B3 /* DeedsCompiler.swift */ = {isa = PBXFileReference; lastKnownFileType = sourcecode.swift; path = DeedsCompiler.swift; sourceTree = "<group>"; };
		5EADE23F22C0908A005D0F42 /* TaskDetailViewController.swift */ = {isa = PBXFileReference; lastKnownFileType = sourcecode.swift; path = TaskDetailViewController.swift; sourceTree = "<group>"; };
		5EADE24322C0F90A005D0F42 /* Question.swift */ = {isa = PBXFileReference; lastKnownFileType = sourcecode.swift; path = Question.swift; sourceTree = "<group>"; };
		5EADE24522C1061C005D0F42 /* Deed.swift */ = {isa = PBXFileReference; lastKnownFileType = sourcecode.swift; path = Deed.swift; sourceTree = "<group>"; };
		5EADE24722C1167E005D0F42 /* DeedTextTableViewCell.swift */ = {isa = PBXFileReference; lastKnownFileType = sourcecode.swift; path = DeedTextTableViewCell.swift; sourceTree = "<group>"; };
		5EADE24922C11CE8005D0F42 /* OneSecondUITextField.swift */ = {isa = PBXFileReference; lastKnownFileType = sourcecode.swift; path = OneSecondUITextField.swift; sourceTree = "<group>"; };
		5EC27B2822AFB47600FBA0B9 /* Icon.xcassets */ = {isa = PBXFileReference; lastKnownFileType = folder.assetcatalog; name = Icon.xcassets; path = "../../../../proj images/Parentale App/icons/Icon.xcassets"; sourceTree = "<group>"; };
		5EE1D66822AE1D8400AF1C54 /* Parentale.app */ = {isa = PBXFileReference; explicitFileType = wrapper.application; includeInIndex = 0; path = Parentale.app; sourceTree = BUILT_PRODUCTS_DIR; };
		5EE1D66B22AE1D8400AF1C54 /* AppDelegate.swift */ = {isa = PBXFileReference; lastKnownFileType = sourcecode.swift; path = AppDelegate.swift; sourceTree = "<group>"; };
		5EE1D66D22AE1D8400AF1C54 /* MainViewControl.swift */ = {isa = PBXFileReference; lastKnownFileType = sourcecode.swift; path = MainViewControl.swift; sourceTree = "<group>"; };
		5EE1D67022AE1D8400AF1C54 /* Base */ = {isa = PBXFileReference; lastKnownFileType = file.storyboard; name = Base; path = Base.lproj/Parentale.storyboard; sourceTree = "<group>"; };
		5EE1D67322AE1D8400AF1C54 /* Parentale.xcdatamodel */ = {isa = PBXFileReference; lastKnownFileType = wrapper.xcdatamodel; path = Parentale.xcdatamodel; sourceTree = "<group>"; };
		5EE1D67522AE1D8600AF1C54 /* Assets.xcassets */ = {isa = PBXFileReference; lastKnownFileType = folder.assetcatalog; path = Assets.xcassets; sourceTree = "<group>"; };
		5EE1D67822AE1D8600AF1C54 /* Base */ = {isa = PBXFileReference; lastKnownFileType = file.storyboard; name = Base; path = Base.lproj/LaunchScreen.storyboard; sourceTree = "<group>"; };
		5EE1D67A22AE1D8600AF1C54 /* Info.plist */ = {isa = PBXFileReference; lastKnownFileType = text.plist.xml; path = Info.plist; sourceTree = "<group>"; };
		5EE1D68022AE468A00AF1C54 /* Constant.swift */ = {isa = PBXFileReference; lastKnownFileType = sourcecode.swift; path = Constant.swift; sourceTree = "<group>"; };
/* End PBXFileReference section */

/* Begin PBXFrameworksBuildPhase section */
		5EE1D66522AE1D8400AF1C54 /* Frameworks */ = {
			isa = PBXFrameworksBuildPhase;
			buildActionMask = 2147483647;
			files = (
			);
			runOnlyForDeploymentPostprocessing = 0;
		};
/* End PBXFrameworksBuildPhase section */

/* Begin PBXGroup section */
		5EE1D65F22AE1D8400AF1C54 = {
			isa = PBXGroup;
			children = (
				5EE1D66A22AE1D8400AF1C54 /* Parentale */,
				5EE1D66922AE1D8400AF1C54 /* Products */,
			);
			sourceTree = "<group>";
		};
		5EE1D66922AE1D8400AF1C54 /* Products */ = {
			isa = PBXGroup;
			children = (
				5EE1D66822AE1D8400AF1C54 /* Parentale.app */,
			);
			name = Products;
			sourceTree = "<group>";
		};
		5EE1D66A22AE1D8400AF1C54 /* Parentale */ = {
			isa = PBXGroup;
			children = (
				5EE1D68022AE468A00AF1C54 /* Constant.swift */,
				5EE1D66B22AE1D8400AF1C54 /* AppDelegate.swift */,
				5EE1D66D22AE1D8400AF1C54 /* MainViewControl.swift */,
				5EADE23F22C0908A005D0F42 /* TaskDetailViewController.swift */,
				5E6CF1A022CB09C500AF8AF2 /* MessageViewController.swift */,
				5EE1D66F22AE1D8400AF1C54 /* Parentale.storyboard */,
				5EE1D67522AE1D8600AF1C54 /* Assets.xcassets */,
				5EC27B2822AFB47600FBA0B9 /* Icon.xcassets */,
				5EE1D67722AE1D8600AF1C54 /* LaunchScreen.storyboard */,
				5EE1D67A22AE1D8600AF1C54 /* Info.plist */,
				5EE1D67222AE1D8400AF1C54 /* Parentale.xcdatamodeld */,
				5EADE24322C0F90A005D0F42 /* Question.swift */,
				5EADE24522C1061C005D0F42 /* Deed.swift */,
				5EADE24722C1167E005D0F42 /* DeedTextTableViewCell.swift */,
				5EADE24922C11CE8005D0F42 /* OneSecondUITextField.swift */,
				5E7530D822C85D3F00D729B3 /* DeedsCompiler.swift */,
				5E492C5C22CC429100557907 /* TextDeedCollectionViewCell.swift */,
			);
			path = Parentale;
			sourceTree = "<group>";
		};
/* End PBXGroup section */

/* Begin PBXNativeTarget section */
		5EE1D66722AE1D8400AF1C54 /* Parentale */ = {
			isa = PBXNativeTarget;
			buildConfigurationList = 5EE1D67D22AE1D8600AF1C54 /* Build configuration list for PBXNativeTarget "Parentale" */;
			buildPhases = (
				5EE1D66422AE1D8400AF1C54 /* Sources */,
				5EE1D66522AE1D8400AF1C54 /* Frameworks */,
				5EE1D66622AE1D8400AF1C54 /* Resources */,
			);
			buildRules = (
			);
			dependencies = (
			);
			name = Parentale;
			productName = Parentale;
			productReference = 5EE1D66822AE1D8400AF1C54 /* Parentale.app */;
			productType = "com.apple.product-type.application";
		};
/* End PBXNativeTarget section */

/* Begin PBXProject section */
		5EE1D66022AE1D8400AF1C54 /* Project object */ = {
			isa = PBXProject;
			attributes = {
				LastSwiftUpdateCheck = 1020;
				LastUpgradeCheck = 1020;
				ORGANIZATIONNAME = "Justin Lim";
				TargetAttributes = {
					5EE1D66722AE1D8400AF1C54 = {
						CreatedOnToolsVersion = 10.2.1;
					};
				};
			};
			buildConfigurationList = 5EE1D66322AE1D8400AF1C54 /* Build configuration list for PBXProject "Parentale" */;
			compatibilityVersion = "Xcode 9.3";
			developmentRegion = en;
			hasScannedForEncodings = 0;
			knownRegions = (
				en,
				Base,
			);
			mainGroup = 5EE1D65F22AE1D8400AF1C54;
			productRefGroup = 5EE1D66922AE1D8400AF1C54 /* Products */;
			projectDirPath = "";
			projectRoot = "";
			targets = (
				5EE1D66722AE1D8400AF1C54 /* Parentale */,
			);
		};
/* End PBXProject section */

/* Begin PBXResourcesBuildPhase section */
		5EE1D66622AE1D8400AF1C54 /* Resources */ = {
			isa = PBXResourcesBuildPhase;
			buildActionMask = 2147483647;
			files = (
				5EE1D67922AE1D8600AF1C54 /* LaunchScreen.storyboard in Resources */,
				5EE1D67622AE1D8600AF1C54 /* Assets.xcassets in Resources */,
				5EC27B2922AFB47600FBA0B9 /* Icon.xcassets in Resources */,
				5EE1D67122AE1D8400AF1C54 /* Parentale.storyboard in Resources */,
			);
			runOnlyForDeploymentPostprocessing = 0;
		};
/* End PBXResourcesBuildPhase section */

/* Begin PBXSourcesBuildPhase section */
		5EE1D66422AE1D8400AF1C54 /* Sources */ = {
			isa = PBXSourcesBuildPhase;
			buildActionMask = 2147483647;
			files = (
				5E7530D922C85D3F00D729B3 /* DeedsCompiler.swift in Sources */,
				5EADE24822C1167E005D0F42 /* DeedTextTableViewCell.swift in Sources */,
				5EADE24022C0908A005D0F42 /* TaskDetailViewController.swift in Sources */,
				5EADE24422C0F90A005D0F42 /* Question.swift in Sources */,
				5EE1D66E22AE1D8400AF1C54 /* MainViewControl.swift in Sources */,
				5EADE24A22C11CE8005D0F42 /* OneSecondUITextField.swift in Sources */,
				5EE1D66C22AE1D8400AF1C54 /* AppDelegate.swift in Sources */,
				5E6CF1A122CB09C500AF8AF2 /* MessageViewController.swift in Sources */,
				5E492C5D22CC429100557907 /* TextDeedCollectionViewCell.swift in Sources */,
				5EE1D67422AE1D8400AF1C54 /* Parentale.xcdatamodeld in Sources */,
				5EADE24622C1061C005D0F42 /* Deed.swift in Sources */,
				5EE1D68122AE468A00AF1C54 /* Constant.swift in Sources */,
			);
			runOnlyForDeploymentPostprocessing = 0;
		};
/* End PBXSourcesBuildPhase section */

/* Begin PBXVariantGroup section */
		5EE1D66F22AE1D8400AF1C54 /* Parentale.storyboard */ = {
			isa = PBXVariantGroup;
			children = (
				5EE1D67022AE1D8400AF1C54 /* Base */,
			);
			name = Parentale.storyboard;
			sourceTree = "<group>";
		};
		5EE1D67722AE1D8600AF1C54 /* LaunchScreen.storyboard */ = {
			isa = PBXVariantGroup;
			children = (
				5EE1D67822AE1D8600AF1C54 /* Base */,
			);
			name = LaunchScreen.storyboard;
			sourceTree = "<group>";
		};
/* End PBXVariantGroup section */

/* Begin XCBuildConfiguration section */
		5EE1D67B22AE1D8600AF1C54 /* Debug */ = {
			isa = XCBuildConfiguration;
			buildSettings = {
				ALWAYS_SEARCH_USER_PATHS = NO;
				CLANG_ANALYZER_NONNULL = YES;
				CLANG_ANALYZER_NUMBER_OBJECT_CONVERSION = YES_AGGRESSIVE;
				CLANG_CXX_LANGUAGE_STANDARD = "gnu++14";
				CLANG_CXX_LIBRARY = "libc++";
				CLANG_ENABLE_MODULES = YES;
				CLANG_ENABLE_OBJC_ARC = YES;
				CLANG_ENABLE_OBJC_WEAK = YES;
				CLANG_WARN_BLOCK_CAPTURE_AUTORELEASING = YES;
				CLANG_WARN_BOOL_CONVERSION = YES;
				CLANG_WARN_COMMA = YES;
				CLANG_WARN_CONSTANT_CONVERSION = YES;
				CLANG_WARN_DEPRECATED_OBJC_IMPLEMENTATIONS = YES;
				CLANG_WARN_DIRECT_OBJC_ISA_USAGE = YES_ERROR;
				CLANG_WARN_DOCUMENTATION_COMMENTS = YES;
				CLANG_WARN_EMPTY_BODY = YES;
				CLANG_WARN_ENUM_CONVERSION = YES;
				CLANG_WARN_INFINITE_RECURSION = YES;
				CLANG_WARN_INT_CONVERSION = YES;
				CLANG_WARN_NON_LITERAL_NULL_CONVERSION = YES;
				CLANG_WARN_OBJC_IMPLICIT_RETAIN_SELF = YES;
				CLANG_WARN_OBJC_LITERAL_CONVERSION = YES;
				CLANG_WARN_OBJC_ROOT_CLASS = YES_ERROR;
				CLANG_WARN_RANGE_LOOP_ANALYSIS = YES;
				CLANG_WARN_STRICT_PROTOTYPES = YES;
				CLANG_WARN_SUSPICIOUS_MOVE = YES;
				CLANG_WARN_UNGUARDED_AVAILABILITY = YES_AGGRESSIVE;
				CLANG_WARN_UNREACHABLE_CODE = YES;
				CLANG_WARN__DUPLICATE_METHOD_MATCH = YES;
				CODE_SIGN_IDENTITY = "iPhone Developer";
				COPY_PHASE_STRIP = NO;
				DEBUG_INFORMATION_FORMAT = dwarf;
				ENABLE_STRICT_OBJC_MSGSEND = YES;
				ENABLE_TESTABILITY = YES;
				GCC_C_LANGUAGE_STANDARD = gnu11;
				GCC_DYNAMIC_NO_PIC = NO;
				GCC_NO_COMMON_BLOCKS = YES;
				GCC_OPTIMIZATION_LEVEL = 0;
				GCC_PREPROCESSOR_DEFINITIONS = (
					"DEBUG=1",
					"$(inherited)",
				);
				GCC_WARN_64_TO_32_BIT_CONVERSION = YES;
				GCC_WARN_ABOUT_RETURN_TYPE = YES_ERROR;
				GCC_WARN_UNDECLARED_SELECTOR = YES;
				GCC_WARN_UNINITIALIZED_AUTOS = YES_AGGRESSIVE;
				GCC_WARN_UNUSED_FUNCTION = YES;
				GCC_WARN_UNUSED_VARIABLE = YES;
				IPHONEOS_DEPLOYMENT_TARGET = 12.2;
				MTL_ENABLE_DEBUG_INFO = INCLUDE_SOURCE;
				MTL_FAST_MATH = YES;
				ONLY_ACTIVE_ARCH = YES;
				SDKROOT = iphoneos;
				SWIFT_ACTIVE_COMPILATION_CONDITIONS = DEBUG;
				SWIFT_OPTIMIZATION_LEVEL = "-Onone";
			};
			name = Debug;
		};
		5EE1D67C22AE1D8600AF1C54 /* Release */ = {
			isa = XCBuildConfiguration;
			buildSettings = {
				ALWAYS_SEARCH_USER_PATHS = NO;
				CLANG_ANALYZER_NONNULL = YES;
				CLANG_ANALYZER_NUMBER_OBJECT_CONVERSION = YES_AGGRESSIVE;
				CLANG_CXX_LANGUAGE_STANDARD = "gnu++14";
				CLANG_CXX_LIBRARY = "libc++";
				CLANG_ENABLE_MODULES = YES;
				CLANG_ENABLE_OBJC_ARC = YES;
				CLANG_ENABLE_OBJC_WEAK = YES;
				CLANG_WARN_BLOCK_CAPTURE_AUTORELEASING = YES;
				CLANG_WARN_BOOL_CONVERSION = YES;
				CLANG_WARN_COMMA = YES;
				CLANG_WARN_CONSTANT_CONVERSION = YES;
				CLANG_WARN_DEPRECATED_OBJC_IMPLEMENTATIONS = YES;
				CLANG_WARN_DIRECT_OBJC_ISA_USAGE = YES_ERROR;
				CLANG_WARN_DOCUMENTATION_COMMENTS = YES;
				CLANG_WARN_EMPTY_BODY = YES;
				CLANG_WARN_ENUM_CONVERSION = YES;
				CLANG_WARN_INFINITE_RECURSION = YES;
				CLANG_WARN_INT_CONVERSION = YES;
				CLANG_WARN_NON_LITERAL_NULL_CONVERSION = YES;
				CLANG_WARN_OBJC_IMPLICIT_RETAIN_SELF = YES;
				CLANG_WARN_OBJC_LITERAL_CONVERSION = YES;
				CLANG_WARN_OBJC_ROOT_CLASS = YES_ERROR;
				CLANG_WARN_RANGE_LOOP_ANALYSIS = YES;
				CLANG_WARN_STRICT_PROTOTYPES = YES;
				CLANG_WARN_SUSPICIOUS_MOVE = YES;
				CLANG_WARN_UNGUARDED_AVAILABILITY = YES_AGGRESSIVE;
				CLANG_WARN_UNREACHABLE_CODE = YES;
				CLANG_WARN__DUPLICATE_METHOD_MATCH = YES;
				CODE_SIGN_IDENTITY = "iPhone Developer";
				COPY_PHASE_STRIP = NO;
				DEBUG_INFORMATION_FORMAT = "dwarf-with-dsym";
				ENABLE_NS_ASSERTIONS = NO;
				ENABLE_STRICT_OBJC_MSGSEND = YES;
				GCC_C_LANGUAGE_STANDARD = gnu11;
				GCC_NO_COMMON_BLOCKS = YES;
				GCC_WARN_64_TO_32_BIT_CONVERSION = YES;
				GCC_WARN_ABOUT_RETURN_TYPE = YES_ERROR;
				GCC_WARN_UNDECLARED_SELECTOR = YES;
				GCC_WARN_UNINITIALIZED_AUTOS = YES_AGGRESSIVE;
				GCC_WARN_UNUSED_FUNCTION = YES;
				GCC_WARN_UNUSED_VARIABLE = YES;
				IPHONEOS_DEPLOYMENT_TARGET = 12.2;
				MTL_ENABLE_DEBUG_INFO = NO;
				MTL_FAST_MATH = YES;
				SDKROOT = iphoneos;
				SWIFT_COMPILATION_MODE = wholemodule;
				SWIFT_OPTIMIZATION_LEVEL = "-O";
				VALIDATE_PRODUCT = YES;
			};
			name = Release;
		};
		5EE1D67E22AE1D8600AF1C54 /* Debug */ = {
			isa = XCBuildConfiguration;
			buildSettings = {
				ASSETCATALOG_COMPILER_APPICON_NAME = AppIcon;
				CODE_SIGN_STYLE = Automatic;
				DEVELOPMENT_TEAM = 6574T3KHJ9;
				INFOPLIST_FILE = Parentale/Info.plist;
				LD_RUNPATH_SEARCH_PATHS = (
					"$(inherited)",
					"@executable_path/Frameworks",
				);
				PRODUCT_BUNDLE_IDENTIFIER = JLX2.Parentale;
				PRODUCT_NAME = "$(TARGET_NAME)";
				SWIFT_VERSION = 5.0;
				TARGETED_DEVICE_FAMILY = "1,2";
			};
			name = Debug;
		};
		5EE1D67F22AE1D8600AF1C54 /* Release */ = {
			isa = XCBuildConfiguration;
			buildSettings = {
				ASSETCATALOG_COMPILER_APPICON_NAME = AppIcon;
				CODE_SIGN_STYLE = Automatic;
				DEVELOPMENT_TEAM = 6574T3KHJ9;
				INFOPLIST_FILE = Parentale/Info.plist;
				LD_RUNPATH_SEARCH_PATHS = (
					"$(inherited)",
					"@executable_path/Frameworks",
				);
				PRODUCT_BUNDLE_IDENTIFIER = JLX2.Parentale;
				PRODUCT_NAME = "$(TARGET_NAME)";
				SWIFT_VERSION = 5.0;
				TARGETED_DEVICE_FAMILY = "1,2";
			};
			name = Release;
		};
/* End XCBuildConfiguration section */

/* Begin XCConfigurationList section */
		5EE1D66322AE1D8400AF1C54 /* Build configuration list for PBXProject "Parentale" */ = {
			isa = XCConfigurationList;
			buildConfigurations = (
				5EE1D67B22AE1D8600AF1C54 /* Debug */,
				5EE1D67C22AE1D8600AF1C54 /* Release */,
			);
			defaultConfigurationIsVisible = 0;
			defaultConfigurationName = Release;
		};
		5EE1D67D22AE1D8600AF1C54 /* Build configuration list for PBXNativeTarget "Parentale" */ = {
			isa = XCConfigurationList;
			buildConfigurations = (
				5EE1D67E22AE1D8600AF1C54 /* Debug */,
				5EE1D67F22AE1D8600AF1C54 /* Release */,
			);
			defaultConfigurationIsVisible = 0;
			defaultConfigurationName = Release;
		};
/* End XCConfigurationList section */

/* Begin XCVersionGroup section */
		5EE1D67222AE1D8400AF1C54 /* Parentale.xcdatamodeld */ = {
			isa = XCVersionGroup;
			children = (
				5EE1D67322AE1D8400AF1C54 /* Parentale.xcdatamodel */,
			);
			currentVersion = 5EE1D67322AE1D8400AF1C54 /* Parentale.xcdatamodel */;
			path = Parentale.xcdatamodeld;
			sourceTree = "<group>";
			versionGroupType = wrapper.xcdatamodel;
		};
/* End XCVersionGroup section */
	};
	rootObject = 5EE1D66022AE1D8400AF1C54 /* Project object */;
}
